
Microsoft Visual Studio Solution File, Format Version 12.00
# Visual Studio Version 16
VisualStudioVersion = 16.0.30114.105
MinimumVisualStudioVersion = 10.0.40219.1
Project("{9A19103F-16F7-4668-BE54-9A1E7A4F7556}") = "Web.Angular", "src\Web.Angular\Web.Angular.csproj", "{9FA4B846-D8BB-4E8B-8FB3-C6523CE6DAD5}"
EndProject
Project("{9A19103F-16F7-4668-BE54-9A1E7A4F7556}") = "UnitTests", "tests\UnitTests\UnitTests.csproj", "{E6534C4E-C659-4655-910C-F7E8E5AC1C54}"
EndProject
Project("{9A19103F-16F7-4668-BE54-9A1E7A4F7556}") = "ApplicationCore", "src\ApplicationCore\ApplicationCore.csproj", "{3C6F2362-1D63-4B94-8247-AC60B194A79A}"
EndProject
Project("{9A19103F-16F7-4668-BE54-9A1E7A4F7556}") = "Infrastructure", "src\Infrastructure\Infrastructure.csproj", "{B0B02C14-8EBC-4CAA-8BBB-9832303B6785}"
EndProject
Project("{2150E333-8FDC-42A3-9474-1A3956D46DE8}") = "src", "src", "{C67E55F3-0F33-47C0-AAE4-0DC7CF928741}"
EndProject
Project("{2150E333-8FDC-42A3-9474-1A3956D46DE8}") = "tests", "tests", "{53FB42E7-0D9D-48CB-A01A-07C688C6289B}"
EndProject
Project("{9A19103F-16F7-4668-BE54-9A1E7A4F7556}") = "FunctionalTests", "tests\FunctionalTests\FunctionalTests.csproj", "{ED9301E9-8629-4057-8CB5-AD5996E1EA85}"
EndProject
Project("{9A19103F-16F7-4668-BE54-9A1E7A4F7556}") = "Web.Razor", "src\Web.Razor\Web.Razor.csproj", "{01B5BBC5-CDC0-4A5E-840D-E04C366CE009}"
EndProject
Project("{9A19103F-16F7-4668-BE54-9A1E7A4F7556}") = "Web.React", "src\Web.React\Web.React.csproj", "{CB147E25-D622-4C04-8F44-6425F951F3DB}"
EndProject
Project("{FAE04EC0-301F-11D3-BF4B-00C04F79EFBC}") = "ClassLibrary", "src\ClassLibrary\ClassLibrary.csproj", "{2FA4E727-9C82-416C-AE2F-93195048312D}"
EndProject
Global
	GlobalSection(SolutionConfigurationPlatforms) = preSolution
		Debug|Any CPU = Debug|Any CPU
		Release|Any CPU = Release|Any CPU
	EndGlobalSection
	GlobalSection(ProjectConfigurationPlatforms) = postSolution
		{9FA4B846-D8BB-4E8B-8FB3-C6523CE6DAD5}.Debug|Any CPU.ActiveCfg = Debug|Any CPU
		{9FA4B846-D8BB-4E8B-8FB3-C6523CE6DAD5}.Debug|Any CPU.Build.0 = Debug|Any CPU
		{9FA4B846-D8BB-4E8B-8FB3-C6523CE6DAD5}.Release|Any CPU.ActiveCfg = Release|Any CPU
		{9FA4B846-D8BB-4E8B-8FB3-C6523CE6DAD5}.Release|Any CPU.Build.0 = Release|Any CPU
		{E6534C4E-C659-4655-910C-F7E8E5AC1C54}.Debug|Any CPU.ActiveCfg = Debug|Any CPU
		{E6534C4E-C659-4655-910C-F7E8E5AC1C54}.Debug|Any CPU.Build.0 = Debug|Any CPU
		{E6534C4E-C659-4655-910C-F7E8E5AC1C54}.Release|Any CPU.ActiveCfg = Release|Any CPU
		{E6534C4E-C659-4655-910C-F7E8E5AC1C54}.Release|Any CPU.Build.0 = Release|Any CPU
		{3C6F2362-1D63-4B94-8247-AC60B194A79A}.Debug|Any CPU.ActiveCfg = Debug|Any CPU
		{3C6F2362-1D63-4B94-8247-AC60B194A79A}.Debug|Any CPU.Build.0 = Debug|Any CPU
		{3C6F2362-1D63-4B94-8247-AC60B194A79A}.Release|Any CPU.ActiveCfg = Release|Any CPU
		{3C6F2362-1D63-4B94-8247-AC60B194A79A}.Release|Any CPU.Build.0 = Release|Any CPU
		{B0B02C14-8EBC-4CAA-8BBB-9832303B6785}.Debug|Any CPU.ActiveCfg = Debug|Any CPU
		{B0B02C14-8EBC-4CAA-8BBB-9832303B6785}.Debug|Any CPU.Build.0 = Debug|Any CPU
		{B0B02C14-8EBC-4CAA-8BBB-9832303B6785}.Release|Any CPU.ActiveCfg = Release|Any CPU
		{B0B02C14-8EBC-4CAA-8BBB-9832303B6785}.Release|Any CPU.Build.0 = Release|Any CPU
		{ED9301E9-8629-4057-8CB5-AD5996E1EA85}.Debug|Any CPU.ActiveCfg = Debug|Any CPU
		{ED9301E9-8629-4057-8CB5-AD5996E1EA85}.Debug|Any CPU.Build.0 = Debug|Any CPU
		{ED9301E9-8629-4057-8CB5-AD5996E1EA85}.Release|Any CPU.ActiveCfg = Release|Any CPU
		{ED9301E9-8629-4057-8CB5-AD5996E1EA85}.Release|Any CPU.Build.0 = Release|Any CPU
		{01B5BBC5-CDC0-4A5E-840D-E04C366CE009}.Debug|Any CPU.ActiveCfg = Debug|Any CPU
		{01B5BBC5-CDC0-4A5E-840D-E04C366CE009}.Debug|Any CPU.Build.0 = Debug|Any CPU
		{01B5BBC5-CDC0-4A5E-840D-E04C366CE009}.Release|Any CPU.ActiveCfg = Release|Any CPU
		{01B5BBC5-CDC0-4A5E-840D-E04C366CE009}.Release|Any CPU.Build.0 = Release|Any CPU
		{CB147E25-D622-4C04-8F44-6425F951F3DB}.Debug|Any CPU.ActiveCfg = Debug|Any CPU
		{CB147E25-D622-4C04-8F44-6425F951F3DB}.Debug|Any CPU.Build.0 = Debug|Any CPU
		{CB147E25-D622-4C04-8F44-6425F951F3DB}.Release|Any CPU.ActiveCfg = Release|Any CPU
		{CB147E25-D622-4C04-8F44-6425F951F3DB}.Release|Any CPU.Build.0 = Release|Any CPU
		{2FA4E727-9C82-416C-AE2F-93195048312D}.Debug|Any CPU.ActiveCfg = Debug|Any CPU
		{2FA4E727-9C82-416C-AE2F-93195048312D}.Debug|Any CPU.Build.0 = Debug|Any CPU
		{2FA4E727-9C82-416C-AE2F-93195048312D}.Release|Any CPU.ActiveCfg = Release|Any CPU
		{2FA4E727-9C82-416C-AE2F-93195048312D}.Release|Any CPU.Build.0 = Release|Any CPU
	EndGlobalSection
	GlobalSection(SolutionProperties) = preSolution
		HideSolutionNode = FALSE
	EndGlobalSection
	GlobalSection(NestedProjects) = preSolution
		{9FA4B846-D8BB-4E8B-8FB3-C6523CE6DAD5} = {C67E55F3-0F33-47C0-AAE4-0DC7CF928741}
		{E6534C4E-C659-4655-910C-F7E8E5AC1C54} = {53FB42E7-0D9D-48CB-A01A-07C688C6289B}
		{3C6F2362-1D63-4B94-8247-AC60B194A79A} = {C67E55F3-0F33-47C0-AAE4-0DC7CF928741}
		{B0B02C14-8EBC-4CAA-8BBB-9832303B6785} = {C67E55F3-0F33-47C0-AAE4-0DC7CF928741}
		{ED9301E9-8629-4057-8CB5-AD5996E1EA85} = {53FB42E7-0D9D-48CB-A01A-07C688C6289B}
		{01B5BBC5-CDC0-4A5E-840D-E04C366CE009} = {C67E55F3-0F33-47C0-AAE4-0DC7CF928741}
		{CB147E25-D622-4C04-8F44-6425F951F3DB} = {C67E55F3-0F33-47C0-AAE4-0DC7CF928741}
		{2FA4E727-9C82-416C-AE2F-93195048312D} = {C67E55F3-0F33-47C0-AAE4-0DC7CF928741}
	EndGlobalSection
	GlobalSection(ExtensibilityGlobals) = postSolution
		SolutionGuid = {47AAB498-74FF-4AFA-8061-8354B8B4CF0E}
	EndGlobalSection
EndGlobal
